// !$*UTF8*$!
{
	archiveVersion = 1;
	classes = {
	};
	objectVersion = 50;
	objects = {

/* Begin PBXBuildFile section */
		AC5EC55C2162F68400EE58B4 /* AppDelegate.swift in Sources */ = {isa = PBXBuildFile; fileRef = AC5EC55B2162F68400EE58B4 /* AppDelegate.swift */; };
		AC5EC55E2162F68400EE58B4 /* ViewController.swift in Sources */ = {isa = PBXBuildFile; fileRef = AC5EC55D2162F68400EE58B4 /* ViewController.swift */; };
		AC5EC5612162F68400EE58B4 /* Main.storyboard in Resources */ = {isa = PBXBuildFile; fileRef = AC5EC55F2162F68400EE58B4 /* Main.storyboard */; };
		AC5EC5632162F68600EE58B4 /* Assets.xcassets in Resources */ = {isa = PBXBuildFile; fileRef = AC5EC5622162F68600EE58B4 /* Assets.xcassets */; };
		AC5EC5662162F68600EE58B4 /* LaunchScreen.storyboard in Resources */ = {isa = PBXBuildFile; fileRef = AC5EC5642162F68600EE58B4 /* LaunchScreen.storyboard */; };
/* End PBXBuildFile section */

/* Begin PBXFileReference section */
		AC5EC5582162F68400EE58B4 /* 4SIS.IOS.JsonTable.app */ = {isa = PBXFileReference; explicitFileType = wrapper.application; includeInIndex = 0; path = 4SIS.IOS.JsonTable.app; sourceTree = BUILT_PRODUCTS_DIR; };
		AC5EC55B2162F68400EE58B4 /* AppDelegate.swift */ = {isa = PBXFileReference; lastKnownFileType = sourcecode.swift; path = AppDelegate.swift; sourceTree = "<group>"; };
		AC5EC55D2162F68400EE58B4 /* ViewController.swift */ = {isa = PBXFileReference; lastKnownFileType = sourcecode.swift; path = ViewController.swift; sourceTree = "<group>"; };
		AC5EC5602162F68400EE58B4 /* Base */ = {isa = PBXFileReference; lastKnownFileType = file.storyboard; name = Base; path = Base.lproj/Main.storyboard; sourceTree = "<group>"; };
		AC5EC5622162F68600EE58B4 /* Assets.xcassets */ = {isa = PBXFileReference; lastKnownFileType = folder.assetcatalog; path = Assets.xcassets; sourceTree = "<group>"; };
		AC5EC5652162F68600EE58B4 /* Base */ = {isa = PBXFileReference; lastKnownFileType = file.storyboard; name = Base; path = Base.lproj/LaunchScreen.storyboard; sourceTree = "<group>"; };
		AC5EC5672162F68600EE58B4 /* Info.plist */ = {isa = PBXFileReference; lastKnownFileType = text.plist.xml; path = Info.plist; sourceTree = "<group>"; };
/* End PBXFileReference section */

/* Begin PBXFrameworksBuildPhase section */
		AC5EC5552162F68400EE58B4 /* Frameworks */ = {
			isa = PBXFrameworksBuildPhase;
			buildActionMask = 2147483647;
			files = (
			);
			runOnlyForDeploymentPostprocessing = 0;
		};
/* End PBXFrameworksBuildPhase section */

/* Begin PBXGroup section */
		AC5EC54F2162F68400EE58B4 = {
			isa = PBXGroup;
			children = (
				AC5EC55A2162F68400EE58B4 /* 4SIS.IOS.JsonTable */,
				AC5EC5592162F68400EE58B4 /* Products */,
			);
			sourceTree = "<group>";
		};
		AC5EC5592162F68400EE58B4 /* Products */ = {
			isa = PBXGroup;
			children = (
				AC5EC5582162F68400EE58B4 /* 4SIS.IOS.JsonTable.app */,
			);
			name = Products;
			sourceTree = "<group>";
		};
		AC5EC55A2162F68400EE58B4 /* 4SIS.IOS.JsonTable */ = {
			isa = PBXGroup;
			children = (
				AC5EC55B2162F68400EE58B4 /* AppDelegate.swift */,
				AC5EC55D2162F68400EE58B4 /* ViewController.swift */,
				AC5EC55F2162F68400EE58B4 /* Main.storyboard */,
				AC5EC5622162F68600EE58B4 /* Assets.xcassets */,
				AC5EC5642162F68600EE58B4 /* LaunchScreen.storyboard */,
				AC5EC5672162F68600EE58B4 /* Info.plist */,
			);
			path = 4SIS.IOS.JsonTable;
			sourceTree = "<group>";
		};
/* End PBXGroup section */

/* Begin PBXNativeTarget section */
		AC5EC5572162F68400EE58B4 /* 4SIS.IOS.JsonTable */ = {
			isa = PBXNativeTarget;
			buildConfigurationList = AC5EC56A2162F68600EE58B4 /* Build configuration list for PBXNativeTarget "4SIS.IOS.JsonTable" */;
			buildPhases = (
				AC5EC5542162F68400EE58B4 /* Sources */,
				AC5EC5552162F68400EE58B4 /* Frameworks */,
				AC5EC5562162F68400EE58B4 /* Resources */,
			);
			buildRules = (
			);
			dependencies = (
			);
			name = 4SIS.IOS.JsonTable;
			productName = 4SIS.IOS.JsonTable;
			productReference = AC5EC5582162F68400EE58B4 /* 4SIS.IOS.JsonTable.app */;
			productType = "com.apple.product-type.application";
		};
/* End PBXNativeTarget section */

/* Begin PBXProject section */
		AC5EC5502162F68400EE58B4 /* Project object */ = {
			isa = PBXProject;
			attributes = {
				LastSwiftUpdateCheck = 0940;
				LastUpgradeCheck = 0940;
				ORGANIZATIONNAME = "Victor Rodrigues";
				TargetAttributes = {
					AC5EC5572162F68400EE58B4 = {
						CreatedOnToolsVersion = 9.4.1;
					};
				};
			};
			buildConfigurationList = AC5EC5532162F68400EE58B4 /* Build configuration list for PBXProject "4SIS.IOS.JsonTable" */;
			compatibilityVersion = "Xcode 9.3";
			developmentRegion = en;
			hasScannedForEncodings = 0;
			knownRegions = (
				en,
				Base,
			);
			mainGroup = AC5EC54F2162F68400EE58B4;
			productRefGroup = AC5EC5592162F68400EE58B4 /* Products */;
			projectDirPath = "";
			projectRoot = "";
			targets = (
				AC5EC5572162F68400EE58B4 /* 4SIS.IOS.JsonTable */,
			);
		};
/* End PBXProject section */

/* Begin PBXResourcesBuildPhase section */
		AC5EC5562162F68400EE58B4 /* Resources */ = {
			isa = PBXResourcesBuildPhase;
			buildActionMask = 2147483647;
			files = (
				AC5EC5662162F68600EE58B4 /* LaunchScreen.storyboard in Resources */,
				AC5EC5632162F68600EE58B4 /* Assets.xcassets in Resources */,
				AC5EC5612162F68400EE58B4 /* Main.storyboard in Resources */,
			);
			runOnlyForDeploymentPostprocessing = 0;
		};
/* End PBXResourcesBuildPhase section */

/* Begin PBXSourcesBuildPhase section */
		AC5EC5542162F68400EE58B4 /* Sources */ = {
			isa = PBXSourcesBuildPhase;
			buildActionMask = 2147483647;
			files = (
				AC5EC55E2162F68400EE58B4 /* ViewController.swift in Sources */,
				AC5EC55C2162F68400EE58B4 /* AppDelegate.swift in Sources */,
			);
			runOnlyForDeploymentPostprocessing = 0;
		};
/* End PBXSourcesBuildPhase section */

/* Begin PBXVariantGroup section */
		AC5EC55F2162F68400EE58B4 /* Main.storyboard */ = {
			isa = PBXVariantGroup;
			children = (
				AC5EC5602162F68400EE58B4 /* Base */,
			);
			name = Main.storyboard;
			sourceTree = "<group>";
		};
		AC5EC5642162F68600EE58B4 /* LaunchScreen.storyboard */ = {
			isa = PBXVariantGroup;
			children = (
				AC5EC5652162F68600EE58B4 /* Base */,
			);
			name = LaunchScreen.storyboard;
			sourceTree = "<group>";
		};
/* End PBXVariantGroup section */

/* Begin XCBuildConfiguration section */
		AC5EC5682162F68600EE58B4 /* Debug */ = {
			isa = XCBuildConfiguration;
			buildSettings = {
				ALWAYS_SEARCH_USER_PATHS = NO;
				CLANG_ANALYZER_NONNULL = YES;
				CLANG_ANALYZER_NUMBER_OBJECT_CONVERSION = YES_AGGRESSIVE;
				CLANG_CXX_LANGUAGE_STANDARD = "gnu++14";
				CLANG_CXX_LIBRARY = "libc++";
				CLANG_ENABLE_MODULES = YES;
				CLANG_ENABLE_OBJC_ARC = YES;
				CLANG_ENABLE_OBJC_WEAK = YES;
				CLANG_WARN_BLOCK_CAPTURE_AUTORELEASING = YES;
				CLANG_WARN_BOOL_CONVERSION = YES;
				CLANG_WARN_COMMA = YES;
				CLANG_WARN_CONSTANT_CONVERSION = YES;
				CLANG_WARN_DEPRECATED_OBJC_IMPLEMENTATIONS = YES;
				CLANG_WARN_DIRECT_OBJC_ISA_USAGE = YES_ERROR;
				CLANG_WARN_DOCUMENTATION_COMMENTS = YES;
				CLANG_WARN_EMPTY_BODY = YES;
				CLANG_WARN_ENUM_CONVERSION = YES;
				CLANG_WARN_INFINITE_RECURSION = YES;
				CLANG_WARN_INT_CONVERSION = YES;
				CLANG_WARN_NON_LITERAL_NULL_CONVERSION = YES;
				CLANG_WARN_OBJC_IMPLICIT_RETAIN_SELF = YES;
				CLANG_WARN_OBJC_LITERAL_CONVERSION = YES;
				CLANG_WARN_OBJC_ROOT_CLASS = YES_ERROR;
				CLANG_WARN_RANGE_LOOP_ANALYSIS = YES;
				CLANG_WARN_STRICT_PROTOTYPES = YES;
				CLANG_WARN_SUSPICIOUS_MOVE = YES;
				CLANG_WARN_UNGUARDED_AVAILABILITY = YES_AGGRESSIVE;
				CLANG_WARN_UNREACHABLE_CODE = YES;
				CLANG_WARN__DUPLICATE_METHOD_MATCH = YES;
				CODE_SIGN_IDENTITY = "iPhone Developer";
				COPY_PHASE_STRIP = NO;
				DEBUG_INFORMATION_FORMAT = dwarf;
				ENABLE_STRICT_OBJC_MSGSEND = YES;
				ENABLE_TESTABILITY = YES;
				GCC_C_LANGUAGE_STANDARD = gnu11;
				GCC_DYNAMIC_NO_PIC = NO;
				GCC_NO_COMMON_BLOCKS = YES;
				GCC_OPTIMIZATION_LEVEL = 0;
				GCC_PREPROCESSOR_DEFINITIONS = (
					"DEBUG=1",
					"$(inherited)",
				);
				GCC_WARN_64_TO_32_BIT_CONVERSION = YES;
				GCC_WARN_ABOUT_RETURN_TYPE = YES_ERROR;
				GCC_WARN_UNDECLARED_SELECTOR = YES;
				GCC_WARN_UNINITIALIZED_AUTOS = YES_AGGRESSIVE;
				GCC_WARN_UNUSED_FUNCTION = YES;
				GCC_WARN_UNUSED_VARIABLE = YES;
				IPHONEOS_DEPLOYMENT_TARGET = 11.4;
				MTL_ENABLE_DEBUG_INFO = YES;
				ONLY_ACTIVE_ARCH = YES;
				SDKROOT = iphoneos;
				SWIFT_ACTIVE_COMPILATION_CONDITIONS = DEBUG;
				SWIFT_OPTIMIZATION_LEVEL = "-Onone";
			};
			name = Debug;
		};
		AC5EC5692162F68600EE58B4 /* Release */ = {
			isa = XCBuildConfiguration;
			buildSettings = {
				ALWAYS_SEARCH_USER_PATHS = NO;
				CLANG_ANALYZER_NONNULL = YES;
				CLANG_ANALYZER_NUMBER_OBJECT_CONVERSION = YES_AGGRESSIVE;
				CLANG_CXX_LANGUAGE_STANDARD = "gnu++14";
				CLANG_CXX_LIBRARY = "libc++";
				CLANG_ENABLE_MODULES = YES;
				CLANG_ENABLE_OBJC_ARC = YES;
				CLANG_ENABLE_OBJC_WEAK = YES;
				CLANG_WARN_BLOCK_CAPTURE_AUTORELEASING = YES;
				CLANG_WARN_BOOL_CONVERSION = YES;
				CLANG_WARN_COMMA = YES;
				CLANG_WARN_CONSTANT_CONVERSION = YES;
				CLANG_WARN_DEPRECATED_OBJC_IMPLEMENTATIONS = YES;
				CLANG_WARN_DIRECT_OBJC_ISA_USAGE = YES_ERROR;
				CLANG_WARN_DOCUMENTATION_COMMENTS = YES;
				CLANG_WARN_EMPTY_BODY = YES;
				CLANG_WARN_ENUM_CONVERSION = YES;
				CLANG_WARN_INFINITE_RECURSION = YES;
				CLANG_WARN_INT_CONVERSION = YES;
				CLANG_WARN_NON_LITERAL_NULL_CONVERSION = YES;
				CLANG_WARN_OBJC_IMPLICIT_RETAIN_SELF = YES;
				CLANG_WARN_OBJC_LITERAL_CONVERSION = YES;
				CLANG_WARN_OBJC_ROOT_CLASS = YES_ERROR;
				CLANG_WARN_RANGE_LOOP_ANALYSIS = YES;
				CLANG_WARN_STRICT_PROTOTYPES = YES;
				CLANG_WARN_SUSPICIOUS_MOVE = YES;
				CLANG_WARN_UNGUARDED_AVAILABILITY = YES_AGGRESSIVE;
				CLANG_WARN_UNREACHABLE_CODE = YES;
				CLANG_WARN__DUPLICATE_METHOD_MATCH = YES;
				CODE_SIGN_IDENTITY = "iPhone Developer";
				COPY_PHASE_STRIP = NO;
				DEBUG_INFORMATION_FORMAT = "dwarf-with-dsym";
				ENABLE_NS_ASSERTIONS = NO;
				ENABLE_STRICT_OBJC_MSGSEND = YES;
				GCC_C_LANGUAGE_STANDARD = gnu11;
				GCC_NO_COMMON_BLOCKS = YES;
				GCC_WARN_64_TO_32_BIT_CONVERSION = YES;
				GCC_WARN_ABOUT_RETURN_TYPE = YES_ERROR;
				GCC_WARN_UNDECLARED_SELECTOR = YES;
				GCC_WARN_UNINITIALIZED_AUTOS = YES_AGGRESSIVE;
				GCC_WARN_UNUSED_FUNCTION = YES;
				GCC_WARN_UNUSED_VARIABLE = YES;
				IPHONEOS_DEPLOYMENT_TARGET = 11.4;
				MTL_ENABLE_DEBUG_INFO = NO;
				SDKROOT = iphoneos;
				SWIFT_COMPILATION_MODE = wholemodule;
				SWIFT_OPTIMIZATION_LEVEL = "-O";
				VALIDATE_PRODUCT = YES;
			};
			name = Release;
		};
		AC5EC56B2162F68600EE58B4 /* Debug */ = {
			isa = XCBuildConfiguration;
			buildSettings = {
				ASSETCATALOG_COMPILER_APPICON_NAME = AppIcon;
				CODE_SIGN_STYLE = Automatic;
				INFOPLIST_FILE = 4SIS.IOS.JsonTable/Info.plist;
				LD_RUNPATH_SEARCH_PATHS = (
					"$(inherited)",
					"@executable_path/Frameworks",
				);
				PRODUCT_BUNDLE_IDENTIFIER = "com.rodrigues.victor.-SIS-IOS-JsonTable";
				PRODUCT_NAME = "$(TARGET_NAME)";
				SWIFT_VERSION = 4.0;
				TARGETED_DEVICE_FAMILY = "1,2";
			};
			name = Debug;
		};
		AC5EC56C2162F68600EE58B4 /* Release */ = {
			isa = XCBuildConfiguration;
			buildSettings = {
				ASSETCATALOG_COMPILER_APPICON_NAME = AppIcon;
				CODE_SIGN_STYLE = Automatic;
				INFOPLIST_FILE = 4SIS.IOS.JsonTable/Info.plist;
				LD_RUNPATH_SEARCH_PATHS = (
					"$(inherited)",
					"@executable_path/Frameworks",
				);
				PRODUCT_BUNDLE_IDENTIFIER = "com.rodrigues.victor.-SIS-IOS-JsonTable";
				PRODUCT_NAME = "$(TARGET_NAME)";
				SWIFT_VERSION = 4.0;
				TARGETED_DEVICE_FAMILY = "1,2";
			};
			name = Release;
		};
/* End XCBuildConfiguration section */

/* Begin XCConfigurationList section */
		AC5EC5532162F68400EE58B4 /* Build configuration list for PBXProject "4SIS.IOS.JsonTable" */ = {
			isa = XCConfigurationList;
			buildConfigurations = (
				AC5EC5682162F68600EE58B4 /* Debug */,
				AC5EC5692162F68600EE58B4 /* Release */,
			);
			defaultConfigurationIsVisible = 0;
			defaultConfigurationName = Release;
		};
		AC5EC56A2162F68600EE58B4 /* Build configuration list for PBXNativeTarget "4SIS.IOS.JsonTable" */ = {
			isa = XCConfigurationList;
			buildConfigurations = (
				AC5EC56B2162F68600EE58B4 /* Debug */,
				AC5EC56C2162F68600EE58B4 /* Release */,
			);
			defaultConfigurationIsVisible = 0;
			defaultConfigurationName = Release;
		};
/* End XCConfigurationList section */
	};
	rootObject = AC5EC5502162F68400EE58B4 /* Project object */;
}
